
Microsoft Visual Studio Solution File, Format Version 12.00
# Visual Studio Version 17
VisualStudioVersion = 17.6.33723.286
MinimumVisualStudioVersion = 10.0.40219.1
Project("{FAE04EC0-301F-11D3-BF4B-00C04F79EFBC}") = "MeetingHubAPI", "MeetingHubAPI.csproj", "{DCC36E28-000C-4FAF-A222-28733BCC0A1A}"
EndProject
Global
	GlobalSection(SolutionConfigurationPlatforms) = preSolution
		Debug|Any CPU = Debug|Any CPU
		Release|Any CPU = Release|Any CPU
	EndGlobalSection
	GlobalSection(ProjectConfigurationPlatforms) = postSolution
		{DCC36E28-000C-4FAF-A222-28733BCC0A1A}.Debug|Any CPU.ActiveCfg = Debug|Any CPU
		{DCC36E28-000C-4FAF-A222-28733BCC0A1A}.Debug|Any CPU.Build.0 = Debug|Any CPU
		{DCC36E28-000C-4FAF-A222-28733BCC0A1A}.Release|Any CPU.ActiveCfg = Release|Any CPU
		{DCC36E28-000C-4FAF-A222-28733BCC0A1A}.Release|Any CPU.Build.0 = Release|Any CPU
	EndGlobalSection
	GlobalSection(SolutionProperties) = preSolution
		HideSolutionNode = FALSE
	EndGlobalSection
	GlobalSection(ExtensibilityGlobals) = postSolution
		SolutionGuid = {9912D94E-1787-44AA-84A2-610F5F57C7FB}
	EndGlobalSection
EndGlobal
