
Microsoft Visual Studio Solution File, Format Version 12.00
# Visual Studio Version 17
VisualStudioVersion = 17.6.33723.286
MinimumVisualStudioVersion = 10.0.40219.1
Project("{FAE04EC0-301F-11D3-BF4B-00C04F79EFBC}") = "MeetingHubAPI", "MeetingHubAPI.csproj", "{622C761F-FD2D-4156-8465-A6888F5CB925}"
EndProject
Global
	GlobalSection(SolutionConfigurationPlatforms) = preSolution
		Debug|Any CPU = Debug|Any CPU
		Release|Any CPU = Release|Any CPU
	EndGlobalSection
	GlobalSection(ProjectConfigurationPlatforms) = postSolution
		{622C761F-FD2D-4156-8465-A6888F5CB925}.Debug|Any CPU.ActiveCfg = Debug|Any CPU
		{622C761F-FD2D-4156-8465-A6888F5CB925}.Debug|Any CPU.Build.0 = Debug|Any CPU
		{622C761F-FD2D-4156-8465-A6888F5CB925}.Release|Any CPU.ActiveCfg = Release|Any CPU
		{622C761F-FD2D-4156-8465-A6888F5CB925}.Release|Any CPU.Build.0 = Release|Any CPU
	EndGlobalSection
	GlobalSection(SolutionProperties) = preSolution
		HideSolutionNode = FALSE
	EndGlobalSection
	GlobalSection(ExtensibilityGlobals) = postSolution
		SolutionGuid = {DB39A4B4-F9B4-485E-B211-EA5411949795}
	EndGlobalSection
EndGlobal
