
Microsoft Visual Studio Solution File, Format Version 12.00
# Visual Studio Version 17
VisualStudioVersion = 17.6.33723.286
MinimumVisualStudioVersion = 10.0.40219.1
Project("{FAE04EC0-301F-11D3-BF4B-00C04F79EFBC}") = "API", "API.csproj", "{60FFFBFD-0CBE-460E-A20C-0B014BEA1B2E}"
EndProject
Global
	GlobalSection(SolutionConfigurationPlatforms) = preSolution
		Debug|Any CPU = Debug|Any CPU
		Release|Any CPU = Release|Any CPU
	EndGlobalSection
	GlobalSection(ProjectConfigurationPlatforms) = postSolution
		{60FFFBFD-0CBE-460E-A20C-0B014BEA1B2E}.Debug|Any CPU.ActiveCfg = Debug|Any CPU
		{60FFFBFD-0CBE-460E-A20C-0B014BEA1B2E}.Debug|Any CPU.Build.0 = Debug|Any CPU
		{60FFFBFD-0CBE-460E-A20C-0B014BEA1B2E}.Release|Any CPU.ActiveCfg = Release|Any CPU
		{60FFFBFD-0CBE-460E-A20C-0B014BEA1B2E}.Release|Any CPU.Build.0 = Release|Any CPU
	EndGlobalSection
	GlobalSection(SolutionProperties) = preSolution
		HideSolutionNode = FALSE
	EndGlobalSection
	GlobalSection(ExtensibilityGlobals) = postSolution
		SolutionGuid = {DB909F59-2FB1-4998-91C4-995C986C32F3}
	EndGlobalSection
EndGlobal
